
Microsoft Visual Studio Solution File, Format Version 12.00
# Visual Studio 14
VisualStudioVersion = 14.0.24720.0
MinimumVisualStudioVersion = 10.0.40219.1
Project("{FAE04EC0-301F-11D3-BF4B-00C04F79EFBC}") = "primeng-master", "primeng-master\primeng-master.csproj", "{1AEC56AC-3FF7-4951-BD1C-098003CC835F}"
EndProject
Project("{2150E333-8FDC-42A3-9474-1A3956D46DE8}") = "Solution Items", "Solution Items", "{AD273E52-190E-4AE0-A2A7-DB86D01005FD}"
	ProjectSection(SolutionItems) = preProject
		WebEssentials2015-Settings.json = WebEssentials2015-Settings.json
	EndProjectSection
EndProject
Global
	GlobalSection(SolutionConfigurationPlatforms) = preSolution
		Debug|Any CPU = Debug|Any CPU
		Release|Any CPU = Release|Any CPU
	EndGlobalSection
	GlobalSection(ProjectConfigurationPlatforms) = postSolution
		{1AEC56AC-3FF7-4951-BD1C-098003CC835F}.Debug|Any CPU.ActiveCfg = Debug|Any CPU
		{1AEC56AC-3FF7-4951-BD1C-098003CC835F}.Debug|Any CPU.Build.0 = Debug|Any CPU
		{1AEC56AC-3FF7-4951-BD1C-098003CC835F}.Release|Any CPU.ActiveCfg = Release|Any CPU
		{1AEC56AC-3FF7-4951-BD1C-098003CC835F}.Release|Any CPU.Build.0 = Release|Any CPU
	EndGlobalSection
	GlobalSection(SolutionProperties) = preSolution
		HideSolutionNode = FALSE
	EndGlobalSection
EndGlobal
